// !$*UTF8*$!
{
	archiveVersion = 1;
	classes = {
	};
	objectVersion = 60;
	objects = {

/* Begin PBXBuildFile section */
		39A16E40E4D8DEC9F9F289AD /* Pods_CheatDay.framework in Frameworks */ = {isa = PBXBuildFile; fileRef = 0F14C3C18E00AFDB41CA2CFB /* Pods_CheatDay.framework */; };
		B00068352C75BAE900BE9445 /* GoalFormView.swift in Sources */ = {isa = PBXBuildFile; fileRef = B00068342C75BAE900BE9445 /* GoalFormView.swift */; };
		B00068372C75CCE200BE9445 /* FAQView.swift in Sources */ = {isa = PBXBuildFile; fileRef = B00068362C75CCE200BE9445 /* FAQView.swift */; };
		B00068392C75CCEE00BE9445 /* ContactSupportView.swift in Sources */ = {isa = PBXBuildFile; fileRef = B00068382C75CCEE00BE9445 /* ContactSupportView.swift */; };
		B000683B2C75CDD400BE9445 /* PrivacyPolicyView.swift in Sources */ = {isa = PBXBuildFile; fileRef = B000683A2C75CDD400BE9445 /* PrivacyPolicyView.swift */; };
		B000683D2C75CDE800BE9445 /* TermsOfServiceView.swift in Sources */ = {isa = PBXBuildFile; fileRef = B000683C2C75CDE800BE9445 /* TermsOfServiceView.swift */; };
		B000683F2C75CE0600BE9445 /* OpenSourceLicensesView.swift in Sources */ = {isa = PBXBuildFile; fileRef = B000683E2C75CE0600BE9445 /* OpenSourceLicensesView.swift */; };
		B00068412C75CE2E00BE9445 /* SendFeedbackView.swift in Sources */ = {isa = PBXBuildFile; fileRef = B00068402C75CE2E00BE9445 /* SendFeedbackView.swift */; };
		B00068452C75D8C000BE9445 /* MailView.swift in Sources */ = {isa = PBXBuildFile; fileRef = B00068442C75D8C000BE9445 /* MailView.swift */; };
		B00068472C75DA6B00BE9445 /* ClearCacheView.swift in Sources */ = {isa = PBXBuildFile; fileRef = B00068462C75DA6B00BE9445 /* ClearCacheView.swift */; };
		B000684F2C75DDEB00BE9445 /* HandwrittenGoalModifier.swift in Sources */ = {isa = PBXBuildFile; fileRef = B000684E2C75DDEB00BE9445 /* HandwrittenGoalModifier.swift */; };
		B00FB65F2C7AC3C600629C8F /* AffiliateAd.swift in Sources */ = {isa = PBXBuildFile; fileRef = B00FB65E2C7AC3C600629C8F /* AffiliateAd.swift */; };
		B00FB6612C7AC44D00629C8F /* AdsView.swift in Sources */ = {isa = PBXBuildFile; fileRef = B00FB6602C7AC44D00629C8F /* AdsView.swift */; };
		B01B44262C816E7B00F2A628 /* GoogleMobileAds.xcframework in Frameworks */ = {isa = PBXBuildFile; fileRef = B05FB6592C81470100985075 /* GoogleMobileAds.xcframework */; };
		B01B44272C816E7B00F2A628 /* GoogleMobileAds.xcframework in Embed Frameworks */ = {isa = PBXBuildFile; fileRef = B05FB6592C81470100985075 /* GoogleMobileAds.xcframework */; settings = {ATTRIBUTES = (CodeSignOnCopy, RemoveHeadersOnCopy, ); }; };
		B01B442D2C81C19800F2A628 /* AdBannerView.swift in Sources */ = {isa = PBXBuildFile; fileRef = B01B442C2C81C19800F2A628 /* AdBannerView.swift */; };
		B0342BCF2C9295DC008973B6 /* RequestNotificationPermission.swift in Sources */ = {isa = PBXBuildFile; fileRef = B0342BCE2C9295DC008973B6 /* RequestNotificationPermission.swift */; };
		B0342BD22C929625008973B6 /* ScheduleNotification.swift in Sources */ = {isa = PBXBuildFile; fileRef = B0342BD12C929625008973B6 /* ScheduleNotification.swift */; };
		B0487F512C9394A7003CAE0A /* Entitlements.plist in Resources */ = {isa = PBXBuildFile; fileRef = B0487F502C9394A7003CAE0A /* Entitlements.plist */; };
		B0487F532C939A9F003CAE0A /* .gitignore in Resources */ = {isa = PBXBuildFile; fileRef = B0487F522C939A9F003CAE0A /* .gitignore */; };
		B05FB6472C8129D400985075 /* AppDelegate.swift in Sources */ = {isa = PBXBuildFile; fileRef = B05FB6462C8129D400985075 /* AppDelegate.swift */; };
		B067A54F2C697E1D009CE862 /* CheatDayApp.swift in Sources */ = {isa = PBXBuildFile; fileRef = B067A54E2C697E1D009CE862 /* CheatDayApp.swift */; };
		B067A5552C697E20009CE862 /* Assets.xcassets in Resources */ = {isa = PBXBuildFile; fileRef = B067A5542C697E20009CE862 /* Assets.xcassets */; };
		B067A5592C697E20009CE862 /* Preview Assets.xcassets in Resources */ = {isa = PBXBuildFile; fileRef = B067A5582C697E20009CE862 /* Preview Assets.xcassets */; };
		B067A5632C697E21009CE862 /* CheatDayTests.swift in Sources */ = {isa = PBXBuildFile; fileRef = B067A5622C697E21009CE862 /* CheatDayTests.swift */; };
		B067A56D2C697E21009CE862 /* CheatDayUITests.swift in Sources */ = {isa = PBXBuildFile; fileRef = B067A56C2C697E21009CE862 /* CheatDayUITests.swift */; };
		B067A56F2C697E21009CE862 /* CheatDayUITestsLaunchTests.swift in Sources */ = {isa = PBXBuildFile; fileRef = B067A56E2C697E21009CE862 /* CheatDayUITestsLaunchTests.swift */; };
		B067A57D2C699C25009CE862 /* GoogleService-Info.plist in Resources */ = {isa = PBXBuildFile; fileRef = B067A57C2C699C25009CE862 /* GoogleService-Info.plist */; };
		B067A57F2C699F66009CE862 /* Readme.md in Resources */ = {isa = PBXBuildFile; fileRef = B067A57E2C699F66009CE862 /* Readme.md */; };
		B06DFB562C6F2BE700FCC272 /* ContentView.swift in Sources */ = {isa = PBXBuildFile; fileRef = B06DFB552C6F2BE700FCC272 /* ContentView.swift */; };
		B06DFB582C6F2C0900FCC272 /* GoalsView.swift in Sources */ = {isa = PBXBuildFile; fileRef = B06DFB572C6F2C0900FCC272 /* GoalsView.swift */; };
		B06DFB5A2C6F2C1F00FCC272 /* PlansView.swift in Sources */ = {isa = PBXBuildFile; fileRef = B06DFB592C6F2C1F00FCC272 /* PlansView.swift */; };
		B06DFB5C2C6F2C3000FCC272 /* RewardsView.swift in Sources */ = {isa = PBXBuildFile; fileRef = B06DFB5B2C6F2C3000FCC272 /* RewardsView.swift */; };
		B06DFB5E2C6F2C4300FCC272 /* BattleHistoryView.swift in Sources */ = {isa = PBXBuildFile; fileRef = B06DFB5D2C6F2C4300FCC272 /* BattleHistoryView.swift */; };
		B06DFB602C6F2C6C00FCC272 /* Goal.swift in Sources */ = {isa = PBXBuildFile; fileRef = B06DFB5F2C6F2C6C00FCC272 /* Goal.swift */; };
		B06DFB622C6F330400FCC272 /* GoalData.swift in Sources */ = {isa = PBXBuildFile; fileRef = B06DFB612C6F330400FCC272 /* GoalData.swift */; };
		B079695B2C7195C8006DDB90 /* GoalGraphView.swift in Sources */ = {isa = PBXBuildFile; fileRef = B079695A2C7195C8006DDB90 /* GoalGraphView.swift */; };
		B079695D2C7198B1006DDB90 /* CheatDayScreen.swift in Sources */ = {isa = PBXBuildFile; fileRef = B079695C2C7198B1006DDB90 /* CheatDayScreen.swift */; };
		B079695F2C7198CD006DDB90 /* MainView.swift in Sources */ = {isa = PBXBuildFile; fileRef = B079695E2C7198CD006DDB90 /* MainView.swift */; };
		B079696C2C71C339006DDB90 /* Yomogi-Regular.ttf in Resources */ = {isa = PBXBuildFile; fileRef = B07969672C71C338006DDB90 /* Yomogi-Regular.ttf */; };
		B079696D2C71C339006DDB90 /* Yomogi-Regular.ttf in Resources */ = {isa = PBXBuildFile; fileRef = B07969672C71C338006DDB90 /* Yomogi-Regular.ttf */; };
		B079696E2C71C339006DDB90 /* Yomogi-Regular.ttf in Resources */ = {isa = PBXBuildFile; fileRef = B07969672C71C338006DDB90 /* Yomogi-Regular.ttf */; };
		B07969702C71C38B006DDB90 /* PatrickHand-Regular.ttf in Resources */ = {isa = PBXBuildFile; fileRef = B079696F2C71C38B006DDB90 /* PatrickHand-Regular.ttf */; };
		B07969712C71C38B006DDB90 /* PatrickHand-Regular.ttf in Resources */ = {isa = PBXBuildFile; fileRef = B079696F2C71C38B006DDB90 /* PatrickHand-Regular.ttf */; };
		B07969722C71C38B006DDB90 /* PatrickHand-Regular.ttf in Resources */ = {isa = PBXBuildFile; fileRef = B079696F2C71C38B006DDB90 /* PatrickHand-Regular.ttf */; };
		B07969742C71C3D8006DDB90 /* CustomViewModifier.swift in Sources */ = {isa = PBXBuildFile; fileRef = B07969732C71C3D8006DDB90 /* CustomViewModifier.swift */; };
		B07969752C71C3D8006DDB90 /* CustomViewModifier.swift in Sources */ = {isa = PBXBuildFile; fileRef = B07969732C71C3D8006DDB90 /* CustomViewModifier.swift */; };
		B07969762C71C3D8006DDB90 /* CustomViewModifier.swift in Sources */ = {isa = PBXBuildFile; fileRef = B07969732C71C3D8006DDB90 /* CustomViewModifier.swift */; };
		B07969782C71C690006DDB90 /* Font+CustomStyles.swift in Sources */ = {isa = PBXBuildFile; fileRef = B07969772C71C690006DDB90 /* Font+CustomStyles.swift */; };
		B07969792C71C690006DDB90 /* Font+CustomStyles.swift in Sources */ = {isa = PBXBuildFile; fileRef = B07969772C71C690006DDB90 /* Font+CustomStyles.swift */; };
		B079697A2C71C690006DDB90 /* Font+CustomStyles.swift in Sources */ = {isa = PBXBuildFile; fileRef = B07969772C71C690006DDB90 /* Font+CustomStyles.swift */; };
		B0DA98322C75664B000D31FF /* SettingsView.swift in Sources */ = {isa = PBXBuildFile; fileRef = B0DA98312C75664B000D31FF /* SettingsView.swift */; };
		B0DA98342C756E1E000D31FF /* CustomTabBarView.swift in Sources */ = {isa = PBXBuildFile; fileRef = B0DA98332C756E1E000D31FF /* CustomTabBarView.swift */; };
		B0E842D52C83DFA500FDB791 /* BottomBarView.swift in Sources */ = {isa = PBXBuildFile; fileRef = B0E842D42C83DFA500FDB791 /* BottomBarView.swift */; };
		B0EBADD32C7D3342004F99B7 /* CheatDay_Machine Learning.mlmodel in Sources */ = {isa = PBXBuildFile; fileRef = B0EBADD22C7D3342004F99B7 /* CheatDay_Machine Learning.mlmodel */; };
		B0EBADD42C7D3342004F99B7 /* CheatDay_Machine Learning.mlmodel in Sources */ = {isa = PBXBuildFile; fileRef = B0EBADD22C7D3342004F99B7 /* CheatDay_Machine Learning.mlmodel */; };
		B0EBADD52C7D3342004F99B7 /* CheatDay_Machine Learning.mlmodel in Sources */ = {isa = PBXBuildFile; fileRef = B0EBADD22C7D3342004F99B7 /* CheatDay_Machine Learning.mlmodel */; };
		B0EBADD72C7D372D004F99B7 /* ModelIntegration.swift in Sources */ = {isa = PBXBuildFile; fileRef = B0EBADD62C7D372D004F99B7 /* ModelIntegration.swift */; };
		B0EBADD82C7D372D004F99B7 /* ModelIntegration.swift in Sources */ = {isa = PBXBuildFile; fileRef = B0EBADD62C7D372D004F99B7 /* ModelIntegration.swift */; };
		B0EBADD92C7D372D004F99B7 /* ModelIntegration.swift in Sources */ = {isa = PBXBuildFile; fileRef = B0EBADD62C7D372D004F99B7 /* ModelIntegration.swift */; };
		B0EBADDB2C7D4A61004F99B7 /* DailyQuotes.swift in Sources */ = {isa = PBXBuildFile; fileRef = B0EBADDA2C7D4A61004F99B7 /* DailyQuotes.swift */; };
		B0EBADDC2C7D4A61004F99B7 /* DailyQuotes.swift in Sources */ = {isa = PBXBuildFile; fileRef = B0EBADDA2C7D4A61004F99B7 /* DailyQuotes.swift */; };
		B0EBADDD2C7D4A61004F99B7 /* DailyQuotes.swift in Sources */ = {isa = PBXBuildFile; fileRef = B0EBADDA2C7D4A61004F99B7 /* DailyQuotes.swift */; };
		E030B60AF79B58EDCCBB07A8 /* Pods_CheatDayTests.framework in Frameworks */ = {isa = PBXBuildFile; fileRef = 45A59F244D8AF5C2EB0FB4D4 /* Pods_CheatDayTests.framework */; };
		EBED2CEB760DCDF946DC34F4 /* Pods_CheatDayUITests.framework in Frameworks */ = {isa = PBXBuildFile; fileRef = 3A5745D8B2F7E6228BB6A7DD /* Pods_CheatDayUITests.framework */; };
/* End PBXBuildFile section */

/* Begin PBXContainerItemProxy section */
		B067A55F2C697E21009CE862 /* PBXContainerItemProxy */ = {
			isa = PBXContainerItemProxy;
			containerPortal = B067A5432C697E1D009CE862 /* Project object */;
			proxyType = 1;
			remoteGlobalIDString = B067A54A2C697E1D009CE862;
			remoteInfo = CheatDay;
		};
		B067A5692C697E21009CE862 /* PBXContainerItemProxy */ = {
			isa = PBXContainerItemProxy;
			containerPortal = B067A5432C697E1D009CE862 /* Project object */;
			proxyType = 1;
			remoteGlobalIDString = B067A54A2C697E1D009CE862;
			remoteInfo = CheatDay;
		};
/* End PBXContainerItemProxy section */

/* Begin PBXCopyFilesBuildPhase section */
		B05FB6652C81472800985075 /* Embed Frameworks */ = {
			isa = PBXCopyFilesBuildPhase;
			buildActionMask = 2147483647;
			dstPath = "";
			dstSubfolderSpec = 10;
			files = (
				B01B44272C816E7B00F2A628 /* GoogleMobileAds.xcframework in Embed Frameworks */,
			);
			name = "Embed Frameworks";
			runOnlyForDeploymentPostprocessing = 0;
		};
/* End PBXCopyFilesBuildPhase section */

/* Begin PBXFileReference section */
		0F14C3C18E00AFDB41CA2CFB /* Pods_CheatDay.framework */ = {isa = PBXFileReference; explicitFileType = wrapper.framework; includeInIndex = 0; path = Pods_CheatDay.framework; sourceTree = BUILT_PRODUCTS_DIR; };
		13BBF1252441A387DE021A88 /* Pods-CheatDayUITests.release.xcconfig */ = {isa = PBXFileReference; includeInIndex = 1; lastKnownFileType = text.xcconfig; name = "Pods-CheatDayUITests.release.xcconfig"; path = "Target Support Files/Pods-CheatDayUITests/Pods-CheatDayUITests.release.xcconfig"; sourceTree = "<group>"; };
		24D92104BC98B9067443755C /* Pods-CheatDayUITests.debug.xcconfig */ = {isa = PBXFileReference; includeInIndex = 1; lastKnownFileType = text.xcconfig; name = "Pods-CheatDayUITests.debug.xcconfig"; path = "Target Support Files/Pods-CheatDayUITests/Pods-CheatDayUITests.debug.xcconfig"; sourceTree = "<group>"; };
		3A5745D8B2F7E6228BB6A7DD /* Pods_CheatDayUITests.framework */ = {isa = PBXFileReference; explicitFileType = wrapper.framework; includeInIndex = 0; path = Pods_CheatDayUITests.framework; sourceTree = BUILT_PRODUCTS_DIR; };
		45A59F244D8AF5C2EB0FB4D4 /* Pods_CheatDayTests.framework */ = {isa = PBXFileReference; explicitFileType = wrapper.framework; includeInIndex = 0; path = Pods_CheatDayTests.framework; sourceTree = BUILT_PRODUCTS_DIR; };
		9A8F31D1CAE7490452FA5D02 /* Pods-CheatDay.release.xcconfig */ = {isa = PBXFileReference; includeInIndex = 1; lastKnownFileType = text.xcconfig; name = "Pods-CheatDay.release.xcconfig"; path = "Target Support Files/Pods-CheatDay/Pods-CheatDay.release.xcconfig"; sourceTree = "<group>"; };
		B00068342C75BAE900BE9445 /* GoalFormView.swift */ = {isa = PBXFileReference; lastKnownFileType = sourcecode.swift; path = GoalFormView.swift; sourceTree = "<group>"; };
		B00068362C75CCE200BE9445 /* FAQView.swift */ = {isa = PBXFileReference; lastKnownFileType = sourcecode.swift; path = FAQView.swift; sourceTree = "<group>"; };
		B00068382C75CCEE00BE9445 /* ContactSupportView.swift */ = {isa = PBXFileReference; lastKnownFileType = sourcecode.swift; path = ContactSupportView.swift; sourceTree = "<group>"; };
		B000683A2C75CDD400BE9445 /* PrivacyPolicyView.swift */ = {isa = PBXFileReference; lastKnownFileType = sourcecode.swift; path = PrivacyPolicyView.swift; sourceTree = "<group>"; };
		B000683C2C75CDE800BE9445 /* TermsOfServiceView.swift */ = {isa = PBXFileReference; lastKnownFileType = sourcecode.swift; path = TermsOfServiceView.swift; sourceTree = "<group>"; };
		B000683E2C75CE0600BE9445 /* OpenSourceLicensesView.swift */ = {isa = PBXFileReference; lastKnownFileType = sourcecode.swift; path = OpenSourceLicensesView.swift; sourceTree = "<group>"; };
		B00068402C75CE2E00BE9445 /* SendFeedbackView.swift */ = {isa = PBXFileReference; lastKnownFileType = sourcecode.swift; path = SendFeedbackView.swift; sourceTree = "<group>"; };
		B00068442C75D8C000BE9445 /* MailView.swift */ = {isa = PBXFileReference; lastKnownFileType = sourcecode.swift; path = MailView.swift; sourceTree = "<group>"; };
		B00068462C75DA6B00BE9445 /* ClearCacheView.swift */ = {isa = PBXFileReference; lastKnownFileType = sourcecode.swift; path = ClearCacheView.swift; sourceTree = "<group>"; };
		B000684E2C75DDEB00BE9445 /* HandwrittenGoalModifier.swift */ = {isa = PBXFileReference; lastKnownFileType = sourcecode.swift; path = HandwrittenGoalModifier.swift; sourceTree = "<group>"; };
		B00FB65E2C7AC3C600629C8F /* AffiliateAd.swift */ = {isa = PBXFileReference; lastKnownFileType = sourcecode.swift; path = AffiliateAd.swift; sourceTree = "<group>"; };
		B00FB6602C7AC44D00629C8F /* AdsView.swift */ = {isa = PBXFileReference; lastKnownFileType = sourcecode.swift; path = AdsView.swift; sourceTree = "<group>"; };
		B01B442C2C81C19800F2A628 /* AdBannerView.swift */ = {isa = PBXFileReference; lastKnownFileType = sourcecode.swift; path = AdBannerView.swift; sourceTree = "<group>"; };
		B0342BCE2C9295DC008973B6 /* RequestNotificationPermission.swift */ = {isa = PBXFileReference; lastKnownFileType = sourcecode.swift; path = RequestNotificationPermission.swift; sourceTree = "<group>"; };
		B0342BD12C929625008973B6 /* ScheduleNotification.swift */ = {isa = PBXFileReference; fileEncoding = 4; lastKnownFileType = sourcecode.swift; name = ScheduleNotification.swift; path = Pods/ScheduleNotification.swift; sourceTree = SOURCE_ROOT; };
		B0487F502C9394A7003CAE0A /* Entitlements.plist */ = {isa = PBXFileReference; lastKnownFileType = text.plist.xml; path = Entitlements.plist; sourceTree = "<group>"; };
		B0487F522C939A9F003CAE0A /* .gitignore */ = {isa = PBXFileReference; lastKnownFileType = text; path = .gitignore; sourceTree = "<group>"; };
		B05FB6462C8129D400985075 /* AppDelegate.swift */ = {isa = PBXFileReference; lastKnownFileType = sourcecode.swift; path = AppDelegate.swift; sourceTree = "<group>"; };
		B05FB6532C8146D100985075 /* Podfile.lock */ = {isa = PBXFileReference; lastKnownFileType = text; path = Podfile.lock; sourceTree = "<group>"; };
		B05FB6592C81470100985075 /* GoogleMobileAds.xcframework */ = {isa = PBXFileReference; expectedSignature = "AppleDeveloperProgram:EQHXZ8M8AV:Google LLC"; lastKnownFileType = wrapper.xcframework; path = GoogleMobileAds.xcframework; sourceTree = "<group>"; };
		B05FB65C2C81470100985075 /* LICENSE */ = {isa = PBXFileReference; lastKnownFileType = text; path = LICENSE; sourceTree = "<group>"; };
		B05FB65D2C81470100985075 /* README.txt */ = {isa = PBXFileReference; lastKnownFileType = text; path = README.txt; sourceTree = "<group>"; };
		B067A54B2C697E1D009CE862 /* CheatDay.app */ = {isa = PBXFileReference; explicitFileType = wrapper.application; includeInIndex = 0; path = CheatDay.app; sourceTree = BUILT_PRODUCTS_DIR; };
		B067A54E2C697E1D009CE862 /* CheatDayApp.swift */ = {isa = PBXFileReference; lastKnownFileType = sourcecode.swift; path = CheatDayApp.swift; sourceTree = "<group>"; };
		B067A5542C697E20009CE862 /* Assets.xcassets */ = {isa = PBXFileReference; lastKnownFileType = folder.assetcatalog; path = Assets.xcassets; sourceTree = "<group>"; };
		B067A5562C697E20009CE862 /* CheatDay.entitlements */ = {isa = PBXFileReference; lastKnownFileType = text.plist.entitlements; path = CheatDay.entitlements; sourceTree = "<group>"; };
		B067A5582C697E20009CE862 /* Preview Assets.xcassets */ = {isa = PBXFileReference; lastKnownFileType = folder.assetcatalog; path = "Preview Assets.xcassets"; sourceTree = "<group>"; };
		B067A55E2C697E21009CE862 /* CheatDayTests.xctest */ = {isa = PBXFileReference; explicitFileType = wrapper.cfbundle; includeInIndex = 0; path = CheatDayTests.xctest; sourceTree = BUILT_PRODUCTS_DIR; };
		B067A5622C697E21009CE862 /* CheatDayTests.swift */ = {isa = PBXFileReference; lastKnownFileType = sourcecode.swift; path = CheatDayTests.swift; sourceTree = "<group>"; };
		B067A5682C697E21009CE862 /* CheatDayUITests.xctest */ = {isa = PBXFileReference; explicitFileType = wrapper.cfbundle; includeInIndex = 0; path = CheatDayUITests.xctest; sourceTree = BUILT_PRODUCTS_DIR; };
		B067A56C2C697E21009CE862 /* CheatDayUITests.swift */ = {isa = PBXFileReference; lastKnownFileType = sourcecode.swift; path = CheatDayUITests.swift; sourceTree = "<group>"; };
		B067A56E2C697E21009CE862 /* CheatDayUITestsLaunchTests.swift */ = {isa = PBXFileReference; lastKnownFileType = sourcecode.swift; path = CheatDayUITestsLaunchTests.swift; sourceTree = "<group>"; };
		B067A57B2C6983AF009CE862 /* Info.plist */ = {isa = PBXFileReference; lastKnownFileType = text.plist; path = Info.plist; sourceTree = "<group>"; };
		B067A57C2C699C25009CE862 /* GoogleService-Info.plist */ = {isa = PBXFileReference; fileEncoding = 4; lastKnownFileType = text.plist.xml; name = "GoogleService-Info.plist"; path = "../../../../Downloads/GoogleService-Info.plist"; sourceTree = "<group>"; };
		B067A57E2C699F66009CE862 /* Readme.md */ = {isa = PBXFileReference; lastKnownFileType = net.daringfireball.markdown; path = Readme.md; sourceTree = "<group>"; };
		B06DFB552C6F2BE700FCC272 /* ContentView.swift */ = {isa = PBXFileReference; lastKnownFileType = sourcecode.swift; path = ContentView.swift; sourceTree = "<group>"; };
		B06DFB572C6F2C0900FCC272 /* GoalsView.swift */ = {isa = PBXFileReference; lastKnownFileType = sourcecode.swift; path = GoalsView.swift; sourceTree = "<group>"; };
		B06DFB592C6F2C1F00FCC272 /* PlansView.swift */ = {isa = PBXFileReference; lastKnownFileType = sourcecode.swift; path = PlansView.swift; sourceTree = "<group>"; };
		B06DFB5B2C6F2C3000FCC272 /* RewardsView.swift */ = {isa = PBXFileReference; lastKnownFileType = sourcecode.swift; path = RewardsView.swift; sourceTree = "<group>"; };
		B06DFB5D2C6F2C4300FCC272 /* BattleHistoryView.swift */ = {isa = PBXFileReference; lastKnownFileType = sourcecode.swift; path = BattleHistoryView.swift; sourceTree = "<group>"; };
		B06DFB5F2C6F2C6C00FCC272 /* Goal.swift */ = {isa = PBXFileReference; lastKnownFileType = sourcecode.swift; path = Goal.swift; sourceTree = "<group>"; };
		B06DFB612C6F330400FCC272 /* GoalData.swift */ = {isa = PBXFileReference; lastKnownFileType = sourcecode.swift; path = GoalData.swift; sourceTree = "<group>"; };
		B079695A2C7195C8006DDB90 /* GoalGraphView.swift */ = {isa = PBXFileReference; lastKnownFileType = sourcecode.swift; path = GoalGraphView.swift; sourceTree = "<group>"; };
		B079695C2C7198B1006DDB90 /* CheatDayScreen.swift */ = {isa = PBXFileReference; lastKnownFileType = sourcecode.swift; path = CheatDayScreen.swift; sourceTree = "<group>"; };
		B079695E2C7198CD006DDB90 /* MainView.swift */ = {isa = PBXFileReference; lastKnownFileType = sourcecode.swift; path = MainView.swift; sourceTree = "<group>"; };
		B07969672C71C338006DDB90 /* Yomogi-Regular.ttf */ = {isa = PBXFileReference; lastKnownFileType = file; path = "Yomogi-Regular.ttf"; sourceTree = "<group>"; };
		B079696F2C71C38B006DDB90 /* PatrickHand-Regular.ttf */ = {isa = PBXFileReference; lastKnownFileType = file; path = "PatrickHand-Regular.ttf"; sourceTree = "<group>"; };
		B07969732C71C3D8006DDB90 /* CustomViewModifier.swift */ = {isa = PBXFileReference; lastKnownFileType = sourcecode.swift; path = CustomViewModifier.swift; sourceTree = "<group>"; };
		B07969772C71C690006DDB90 /* Font+CustomStyles.swift */ = {isa = PBXFileReference; lastKnownFileType = sourcecode.swift; path = "Font+CustomStyles.swift"; sourceTree = "<group>"; };
		B0DA98312C75664B000D31FF /* SettingsView.swift */ = {isa = PBXFileReference; lastKnownFileType = sourcecode.swift; path = SettingsView.swift; sourceTree = "<group>"; };
		B0DA98332C756E1E000D31FF /* CustomTabBarView.swift */ = {isa = PBXFileReference; lastKnownFileType = sourcecode.swift; path = CustomTabBarView.swift; sourceTree = "<group>"; };
		B0E842D42C83DFA500FDB791 /* BottomBarView.swift */ = {isa = PBXFileReference; lastKnownFileType = sourcecode.swift; path = BottomBarView.swift; sourceTree = "<group>"; };
		B0EBADD22C7D3342004F99B7 /* CheatDay_Machine Learning.mlmodel */ = {isa = PBXFileReference; lastKnownFileType = file.mlmodel; path = "CheatDay_Machine Learning.mlmodel"; sourceTree = SOURCE_ROOT; };
		B0EBADD62C7D372D004F99B7 /* ModelIntegration.swift */ = {isa = PBXFileReference; lastKnownFileType = sourcecode.swift; path = ModelIntegration.swift; sourceTree = "<group>"; };
		B0EBADDA2C7D4A61004F99B7 /* DailyQuotes.swift */ = {isa = PBXFileReference; lastKnownFileType = sourcecode.swift; path = DailyQuotes.swift; sourceTree = "<group>"; };
		C1E49FAA53C865987427EAFE /* Pods-CheatDay.debug.xcconfig */ = {isa = PBXFileReference; includeInIndex = 1; lastKnownFileType = text.xcconfig; name = "Pods-CheatDay.debug.xcconfig"; path = "Target Support Files/Pods-CheatDay/Pods-CheatDay.debug.xcconfig"; sourceTree = "<group>"; };
		E371BFE0F390DC9D42953D5C /* Pods-CheatDayTests.release.xcconfig */ = {isa = PBXFileReference; includeInIndex = 1; lastKnownFileType = text.xcconfig; name = "Pods-CheatDayTests.release.xcconfig"; path = "Target Support Files/Pods-CheatDayTests/Pods-CheatDayTests.release.xcconfig"; sourceTree = "<group>"; };
		F2244424D471C9C68EDED11B /* Pods-CheatDayTests.debug.xcconfig */ = {isa = PBXFileReference; includeInIndex = 1; lastKnownFileType = text.xcconfig; name = "Pods-CheatDayTests.debug.xcconfig"; path = "Target Support Files/Pods-CheatDayTests/Pods-CheatDayTests.debug.xcconfig"; sourceTree = "<group>"; };
/* End PBXFileReference section */

/* Begin PBXFrameworksBuildPhase section */
		B067A5482C697E1D009CE862 /* Frameworks */ = {
			isa = PBXFrameworksBuildPhase;
			buildActionMask = 2147483647;
			files = (
				B01B44262C816E7B00F2A628 /* GoogleMobileAds.xcframework in Frameworks */,
				39A16E40E4D8DEC9F9F289AD /* Pods_CheatDay.framework in Frameworks */,
			);
			runOnlyForDeploymentPostprocessing = 0;
		};
		B067A55B2C697E21009CE862 /* Frameworks */ = {
			isa = PBXFrameworksBuildPhase;
			buildActionMask = 2147483647;
			files = (
				E030B60AF79B58EDCCBB07A8 /* Pods_CheatDayTests.framework in Frameworks */,
			);
			runOnlyForDeploymentPostprocessing = 0;
		};
		B067A5652C697E21009CE862 /* Frameworks */ = {
			isa = PBXFrameworksBuildPhase;
			buildActionMask = 2147483647;
			files = (
				EBED2CEB760DCDF946DC34F4 /* Pods_CheatDayUITests.framework in Frameworks */,
			);
			runOnlyForDeploymentPostprocessing = 0;
		};
/* End PBXFrameworksBuildPhase section */

/* Begin PBXGroup section */
		690262804712879E97E0233E /* Pods */ = {
			isa = PBXGroup;
			children = (
				C1E49FAA53C865987427EAFE /* Pods-CheatDay.debug.xcconfig */,
				9A8F31D1CAE7490452FA5D02 /* Pods-CheatDay.release.xcconfig */,
				F2244424D471C9C68EDED11B /* Pods-CheatDayTests.debug.xcconfig */,
				E371BFE0F390DC9D42953D5C /* Pods-CheatDayTests.release.xcconfig */,
				24D92104BC98B9067443755C /* Pods-CheatDayUITests.debug.xcconfig */,
				13BBF1252441A387DE021A88 /* Pods-CheatDayUITests.release.xcconfig */,
			);
			path = Pods;
			sourceTree = "<group>";
		};
		8770308E99BB302506749079 /* Frameworks */ = {
			isa = PBXGroup;
			children = (
				B05FB65E2C81470100985075 /* Google-Mobile-Ads-SDK */,
				B05FB6532C8146D100985075 /* Podfile.lock */,
				0F14C3C18E00AFDB41CA2CFB /* Pods_CheatDay.framework */,
				45A59F244D8AF5C2EB0FB4D4 /* Pods_CheatDayTests.framework */,
				3A5745D8B2F7E6228BB6A7DD /* Pods_CheatDayUITests.framework */,
			);
			name = Frameworks;
			sourceTree = "<group>";
		};
		B05FB65A2C81470100985075 /* GoogleMobileAdsFramework */ = {
			isa = PBXGroup;
			children = (
				B05FB6592C81470100985075 /* GoogleMobileAds.xcframework */,
			);
			path = GoogleMobileAdsFramework;
			sourceTree = "<group>";
		};
		B05FB65B2C81470100985075 /* Frameworks */ = {
			isa = PBXGroup;
			children = (
				B05FB65A2C81470100985075 /* GoogleMobileAdsFramework */,
			);
			path = Frameworks;
			sourceTree = "<group>";
		};
		B05FB65E2C81470100985075 /* Google-Mobile-Ads-SDK */ = {
			isa = PBXGroup;
			children = (
				B05FB65B2C81470100985075 /* Frameworks */,
				B05FB65C2C81470100985075 /* LICENSE */,
				B05FB65D2C81470100985075 /* README.txt */,
			);
			name = "Google-Mobile-Ads-SDK";
			path = "Pods/Google-Mobile-Ads-SDK";
			sourceTree = "<group>";
		};
		B067A5422C697E1D009CE862 = {
			isa = PBXGroup;
			children = (
				B0487F522C939A9F003CAE0A /* .gitignore */,
				B067A57E2C699F66009CE862 /* Readme.md */,
				B067A54D2C697E1D009CE862 /* CheatDay */,
				B067A5612C697E21009CE862 /* CheatDayTests */,
				B067A56B2C697E21009CE862 /* CheatDayUITests */,
				B067A54C2C697E1D009CE862 /* Products */,
				8770308E99BB302506749079 /* Frameworks */,
				690262804712879E97E0233E /* Pods */,
			);
			sourceTree = "<group>";
		};
		B067A54C2C697E1D009CE862 /* Products */ = {
			isa = PBXGroup;
			children = (
				B067A54B2C697E1D009CE862 /* CheatDay.app */,
				B067A55E2C697E21009CE862 /* CheatDayTests.xctest */,
				B067A5682C697E21009CE862 /* CheatDayUITests.xctest */,
			);
			name = Products;
			sourceTree = "<group>";
		};
		B067A54D2C697E1D009CE862 /* CheatDay */ = {
			isa = PBXGroup;
			children = (
				B0EBADD22C7D3342004F99B7 /* CheatDay_Machine Learning.mlmodel */,
				B067A57C2C699C25009CE862 /* GoogleService-Info.plist */,
				B067A57B2C6983AF009CE862 /* Info.plist */,
				B067A54E2C697E1D009CE862 /* CheatDayApp.swift */,
				B06DFB552C6F2BE700FCC272 /* ContentView.swift */,
				B079695C2C7198B1006DDB90 /* CheatDayScreen.swift */,
				B079695E2C7198CD006DDB90 /* MainView.swift */,
				B06DFB572C6F2C0900FCC272 /* GoalsView.swift */,
				B06DFB592C6F2C1F00FCC272 /* PlansView.swift */,
				B06DFB5B2C6F2C3000FCC272 /* RewardsView.swift */,
				B06DFB5D2C6F2C4300FCC272 /* BattleHistoryView.swift */,
				B079695A2C7195C8006DDB90 /* GoalGraphView.swift */,
				B0DA98312C75664B000D31FF /* SettingsView.swift */,
				B00068462C75DA6B00BE9445 /* ClearCacheView.swift */,
				B00068402C75CE2E00BE9445 /* SendFeedbackView.swift */,
				B000683C2C75CDE800BE9445 /* TermsOfServiceView.swift */,
				B000683E2C75CE0600BE9445 /* OpenSourceLicensesView.swift */,
				B000683A2C75CDD400BE9445 /* PrivacyPolicyView.swift */,
				B00068382C75CCEE00BE9445 /* ContactSupportView.swift */,
				B00FB65E2C7AC3C600629C8F /* AffiliateAd.swift */,
				B00FB6602C7AC44D00629C8F /* AdsView.swift */,
				B0EBADD62C7D372D004F99B7 /* ModelIntegration.swift */,
				B00068442C75D8C000BE9445 /* MailView.swift */,
				B00068362C75CCE200BE9445 /* FAQView.swift */,
				B0DA98332C756E1E000D31FF /* CustomTabBarView.swift */,
				B00068342C75BAE900BE9445 /* GoalFormView.swift */,
				B06DFB5F2C6F2C6C00FCC272 /* Goal.swift */,
				B06DFB612C6F330400FCC272 /* GoalData.swift */,
				B000684E2C75DDEB00BE9445 /* HandwrittenGoalModifier.swift */,
				B07969732C71C3D8006DDB90 /* CustomViewModifier.swift */,
				B0EBADDA2C7D4A61004F99B7 /* DailyQuotes.swift */,
				B07969772C71C690006DDB90 /* Font+CustomStyles.swift */,
				B05FB6462C8129D400985075 /* AppDelegate.swift */,
				B01B442C2C81C19800F2A628 /* AdBannerView.swift */,
				B0E842D42C83DFA500FDB791 /* BottomBarView.swift */,
				B0342BCE2C9295DC008973B6 /* RequestNotificationPermission.swift */,
				B0342BD12C929625008973B6 /* ScheduleNotification.swift */,
				B067A5542C697E20009CE862 /* Assets.xcassets */,
				B067A5562C697E20009CE862 /* CheatDay.entitlements */,
				B0487F502C9394A7003CAE0A /* Entitlements.plist */,
				B07969682C71C338006DDB90 /* Font */,
				B067A5572C697E20009CE862 /* Preview Content */,
			);
			path = CheatDay;
			sourceTree = "<group>";
		};
		B067A5572C697E20009CE862 /* Preview Content */ = {
			isa = PBXGroup;
			children = (
				B067A5582C697E20009CE862 /* Preview Assets.xcassets */,
			);
			path = "Preview Content";
			sourceTree = "<group>";
		};
		B067A5612C697E21009CE862 /* CheatDayTests */ = {
			isa = PBXGroup;
			children = (
				B067A5622C697E21009CE862 /* CheatDayTests.swift */,
			);
			path = CheatDayTests;
			sourceTree = "<group>";
		};
		B067A56B2C697E21009CE862 /* CheatDayUITests */ = {
			isa = PBXGroup;
			children = (
				B067A56C2C697E21009CE862 /* CheatDayUITests.swift */,
				B067A56E2C697E21009CE862 /* CheatDayUITestsLaunchTests.swift */,
			);
			path = CheatDayUITests;
			sourceTree = "<group>";
		};
		B07969682C71C338006DDB90 /* Font */ = {
			isa = PBXGroup;
			children = (
				B079696F2C71C38B006DDB90 /* PatrickHand-Regular.ttf */,
				B07969672C71C338006DDB90 /* Yomogi-Regular.ttf */,
			);
			path = Font;
			sourceTree = "<group>";
		};
/* End PBXGroup section */

/* Begin PBXNativeTarget section */
		B067A54A2C697E1D009CE862 /* CheatDay */ = {
			isa = PBXNativeTarget;
			buildConfigurationList = B067A5722C697E21009CE862 /* Build configuration list for PBXNativeTarget "CheatDay" */;
			buildPhases = (
				4E5C1A9A0E8619D65A548ED7 /* [CP] Check Pods Manifest.lock */,
				B067A5472C697E1D009CE862 /* Sources */,
				B067A5482C697E1D009CE862 /* Frameworks */,
				B067A5492C697E1D009CE862 /* Resources */,
				B05FB6652C81472800985075 /* Embed Frameworks */,
				35B84C4EBD991A991D63A716 /* [CP] Embed Pods Frameworks */,
				48D5581EE56BD8DC4FF34957 /* [CP] Copy Pods Resources */,
			);
			buildRules = (
			);
			dependencies = (
			);
			name = CheatDay;
			productName = CheatDay;
			productReference = B067A54B2C697E1D009CE862 /* CheatDay.app */;
			productType = "com.apple.product-type.application";
		};
		B067A55D2C697E21009CE862 /* CheatDayTests */ = {
			isa = PBXNativeTarget;
			buildConfigurationList = B067A5752C697E21009CE862 /* Build configuration list for PBXNativeTarget "CheatDayTests" */;
			buildPhases = (
				35424021AE5498E55C61E46E /* [CP] Check Pods Manifest.lock */,
				B067A55A2C697E21009CE862 /* Sources */,
				B067A55B2C697E21009CE862 /* Frameworks */,
				B067A55C2C697E21009CE862 /* Resources */,
			);
			buildRules = (
			);
			dependencies = (
				B067A5602C697E21009CE862 /* PBXTargetDependency */,
			);
			name = CheatDayTests;
			productName = CheatDayTests;
			productReference = B067A55E2C697E21009CE862 /* CheatDayTests.xctest */;
			productType = "com.apple.product-type.bundle.unit-test";
		};
		B067A5672C697E21009CE862 /* CheatDayUITests */ = {
			isa = PBXNativeTarget;
			buildConfigurationList = B067A5782C697E21009CE862 /* Build configuration list for PBXNativeTarget "CheatDayUITests" */;
			buildPhases = (
				5DE7C1B765B0DCF79425A8B3 /* [CP] Check Pods Manifest.lock */,
				B067A5642C697E21009CE862 /* Sources */,
				B067A5652C697E21009CE862 /* Frameworks */,
				B067A5662C697E21009CE862 /* Resources */,
			);
			buildRules = (
			);
			dependencies = (
				B067A56A2C697E21009CE862 /* PBXTargetDependency */,
			);
			name = CheatDayUITests;
			productName = CheatDayUITests;
			productReference = B067A5682C697E21009CE862 /* CheatDayUITests.xctest */;
			productType = "com.apple.product-type.bundle.ui-testing";
		};
/* End PBXNativeTarget section */

/* Begin PBXProject section */
		B067A5432C697E1D009CE862 /* Project object */ = {
			isa = PBXProject;
			attributes = {
				BuildIndependentTargetsInParallel = 1;
				LastSwiftUpdateCheck = 1540;
				LastUpgradeCheck = 1540;
				TargetAttributes = {
					B067A54A2C697E1D009CE862 = {
						CreatedOnToolsVersion = 15.4;
					};
					B067A55D2C697E21009CE862 = {
						CreatedOnToolsVersion = 15.4;
						TestTargetID = B067A54A2C697E1D009CE862;
					};
					B067A5672C697E21009CE862 = {
						CreatedOnToolsVersion = 15.4;
						TestTargetID = B067A54A2C697E1D009CE862;
					};
				};
			};
			buildConfigurationList = B067A5462C697E1D009CE862 /* Build configuration list for PBXProject "CheatDay" */;
			compatibilityVersion = "Xcode 14.0";
			developmentRegion = en;
			hasScannedForEncodings = 0;
			knownRegions = (
				en,
				Base,
			);
			mainGroup = B067A5422C697E1D009CE862;
			productRefGroup = B067A54C2C697E1D009CE862 /* Products */;
			projectDirPath = "";
			projectRoot = "";
			targets = (
				B067A54A2C697E1D009CE862 /* CheatDay */,
				B067A55D2C697E21009CE862 /* CheatDayTests */,
				B067A5672C697E21009CE862 /* CheatDayUITests */,
			);
		};
/* End PBXProject section */

/* Begin PBXResourcesBuildPhase section */
		B067A5492C697E1D009CE862 /* Resources */ = {
			isa = PBXResourcesBuildPhase;
			buildActionMask = 2147483647;
			files = (
				B0487F532C939A9F003CAE0A /* .gitignore in Resources */,
				B079696C2C71C339006DDB90 /* Yomogi-Regular.ttf in Resources */,
				B067A5592C697E20009CE862 /* Preview Assets.xcassets in Resources */,
				B067A5552C697E20009CE862 /* Assets.xcassets in Resources */,
				B067A57F2C699F66009CE862 /* Readme.md in Resources */,
				B0487F512C9394A7003CAE0A /* Entitlements.plist in Resources */,
				B067A57D2C699C25009CE862 /* GoogleService-Info.plist in Resources */,
				B07969702C71C38B006DDB90 /* PatrickHand-Regular.ttf in Resources */,
			);
			runOnlyForDeploymentPostprocessing = 0;
		};
		B067A55C2C697E21009CE862 /* Resources */ = {
			isa = PBXResourcesBuildPhase;
			buildActionMask = 2147483647;
			files = (
				B079696D2C71C339006DDB90 /* Yomogi-Regular.ttf in Resources */,
				B07969712C71C38B006DDB90 /* PatrickHand-Regular.ttf in Resources */,
			);
			runOnlyForDeploymentPostprocessing = 0;
		};
		B067A5662C697E21009CE862 /* Resources */ = {
			isa = PBXResourcesBuildPhase;
			buildActionMask = 2147483647;
			files = (
				B079696E2C71C339006DDB90 /* Yomogi-Regular.ttf in Resources */,
				B07969722C71C38B006DDB90 /* PatrickHand-Regular.ttf in Resources */,
			);
			runOnlyForDeploymentPostprocessing = 0;
		};
/* End PBXResourcesBuildPhase section */

/* Begin PBXShellScriptBuildPhase section */
		35424021AE5498E55C61E46E /* [CP] Check Pods Manifest.lock */ = {
			isa = PBXShellScriptBuildPhase;
			buildActionMask = 2147483647;
			files = (
			);
			inputFileListPaths = (
			);
			inputPaths = (
				"${PODS_PODFILE_DIR_PATH}/Podfile.lock",
				"${PODS_ROOT}/Manifest.lock",
			);
			name = "[CP] Check Pods Manifest.lock";
			outputFileListPaths = (
			);
			outputPaths = (
				"$(DERIVED_FILE_DIR)/Pods-CheatDayTests-checkManifestLockResult.txt",
			);
			runOnlyForDeploymentPostprocessing = 0;
			shellPath = /bin/sh;
			shellScript = "diff \"${PODS_PODFILE_DIR_PATH}/Podfile.lock\" \"${PODS_ROOT}/Manifest.lock\" > /dev/null\nif [ $? != 0 ] ; then\n    # print error to STDERR\n    echo \"error: The sandbox is not in sync with the Podfile.lock. Run 'pod install' or update your CocoaPods installation.\" >&2\n    exit 1\nfi\n# This output is used by Xcode 'outputs' to avoid re-running this script phase.\necho \"SUCCESS\" > \"${SCRIPT_OUTPUT_FILE_0}\"\n";
			showEnvVarsInLog = 0;
		};
		35B84C4EBD991A991D63A716 /* [CP] Embed Pods Frameworks */ = {
			isa = PBXShellScriptBuildPhase;
			buildActionMask = 2147483647;
			files = (
			);
			inputFileListPaths = (
				"${PODS_ROOT}/Target Support Files/Pods-CheatDay/Pods-CheatDay-frameworks-${CONFIGURATION}-input-files.xcfilelist",
			);
			name = "[CP] Embed Pods Frameworks";
			outputFileListPaths = (
				"${PODS_ROOT}/Target Support Files/Pods-CheatDay/Pods-CheatDay-frameworks-${CONFIGURATION}-output-files.xcfilelist",
			);
			runOnlyForDeploymentPostprocessing = 0;
			shellPath = /bin/sh;
			shellScript = "\"${PODS_ROOT}/Target Support Files/Pods-CheatDay/Pods-CheatDay-frameworks.sh\"\n";
			showEnvVarsInLog = 0;
		};
		48D5581EE56BD8DC4FF34957 /* [CP] Copy Pods Resources */ = {
			isa = PBXShellScriptBuildPhase;
			buildActionMask = 2147483647;
			files = (
			);
			inputFileListPaths = (
				"${PODS_ROOT}/Target Support Files/Pods-CheatDay/Pods-CheatDay-resources-${CONFIGURATION}-input-files.xcfilelist",
			);
			name = "[CP] Copy Pods Resources";
			outputFileListPaths = (
				"${PODS_ROOT}/Target Support Files/Pods-CheatDay/Pods-CheatDay-resources-${CONFIGURATION}-output-files.xcfilelist",
			);
			runOnlyForDeploymentPostprocessing = 0;
			shellPath = /bin/sh;
			shellScript = "\"${PODS_ROOT}/Target Support Files/Pods-CheatDay/Pods-CheatDay-resources.sh\"\n";
			showEnvVarsInLog = 0;
		};
		4E5C1A9A0E8619D65A548ED7 /* [CP] Check Pods Manifest.lock */ = {
			isa = PBXShellScriptBuildPhase;
			buildActionMask = 2147483647;
			files = (
			);
			inputFileListPaths = (
			);
			inputPaths = (
				"${PODS_PODFILE_DIR_PATH}/Podfile.lock",
				"${PODS_ROOT}/Manifest.lock",
			);
			name = "[CP] Check Pods Manifest.lock";
			outputFileListPaths = (
			);
			outputPaths = (
				"$(DERIVED_FILE_DIR)/Pods-CheatDay-checkManifestLockResult.txt",
			);
			runOnlyForDeploymentPostprocessing = 0;
			shellPath = /bin/sh;
			shellScript = "diff \"${PODS_PODFILE_DIR_PATH}/Podfile.lock\" \"${PODS_ROOT}/Manifest.lock\" > /dev/null\nif [ $? != 0 ] ; then\n    # print error to STDERR\n    echo \"error: The sandbox is not in sync with the Podfile.lock. Run 'pod install' or update your CocoaPods installation.\" >&2\n    exit 1\nfi\n# This output is used by Xcode 'outputs' to avoid re-running this script phase.\necho \"SUCCESS\" > \"${SCRIPT_OUTPUT_FILE_0}\"\n";
			showEnvVarsInLog = 0;
		};
		5DE7C1B765B0DCF79425A8B3 /* [CP] Check Pods Manifest.lock */ = {
			isa = PBXShellScriptBuildPhase;
			buildActionMask = 2147483647;
			files = (
			);
			inputFileListPaths = (
			);
			inputPaths = (
				"${PODS_PODFILE_DIR_PATH}/Podfile.lock",
				"${PODS_ROOT}/Manifest.lock",
			);
			name = "[CP] Check Pods Manifest.lock";
			outputFileListPaths = (
			);
			outputPaths = (
				"$(DERIVED_FILE_DIR)/Pods-CheatDayUITests-checkManifestLockResult.txt",
			);
			runOnlyForDeploymentPostprocessing = 0;
			shellPath = /bin/sh;
			shellScript = "diff \"${PODS_PODFILE_DIR_PATH}/Podfile.lock\" \"${PODS_ROOT}/Manifest.lock\" > /dev/null\nif [ $? != 0 ] ; then\n    # print error to STDERR\n    echo \"error: The sandbox is not in sync with the Podfile.lock. Run 'pod install' or update your CocoaPods installation.\" >&2\n    exit 1\nfi\n# This output is used by Xcode 'outputs' to avoid re-running this script phase.\necho \"SUCCESS\" > \"${SCRIPT_OUTPUT_FILE_0}\"\n";
			showEnvVarsInLog = 0;
		};
/* End PBXShellScriptBuildPhase section */

/* Begin PBXSourcesBuildPhase section */
		B067A5472C697E1D009CE862 /* Sources */ = {
			isa = PBXSourcesBuildPhase;
			buildActionMask = 2147483647;
			files = (
				B06DFB562C6F2BE700FCC272 /* ContentView.swift in Sources */,
				B079695F2C7198CD006DDB90 /* MainView.swift in Sources */,
				B0EBADD72C7D372D004F99B7 /* ModelIntegration.swift in Sources */,
				B01B442D2C81C19800F2A628 /* AdBannerView.swift in Sources */,
				B06DFB5C2C6F2C3000FCC272 /* RewardsView.swift in Sources */,
				B079695D2C7198B1006DDB90 /* CheatDayScreen.swift in Sources */,
				B079695B2C7195C8006DDB90 /* GoalGraphView.swift in Sources */,
				B00068472C75DA6B00BE9445 /* ClearCacheView.swift in Sources */,
				B06DFB602C6F2C6C00FCC272 /* Goal.swift in Sources */,
				B0342BD22C929625008973B6 /* ScheduleNotification.swift in Sources */,
				B00068372C75CCE200BE9445 /* FAQView.swift in Sources */,
				B000684F2C75DDEB00BE9445 /* HandwrittenGoalModifier.swift in Sources */,
				B00FB6612C7AC44D00629C8F /* AdsView.swift in Sources */,
				B00068452C75D8C000BE9445 /* MailView.swift in Sources */,
				B00FB65F2C7AC3C600629C8F /* AffiliateAd.swift in Sources */,
				B00068392C75CCEE00BE9445 /* ContactSupportView.swift in Sources */,
				B0E842D52C83DFA500FDB791 /* BottomBarView.swift in Sources */,
				B0DA98342C756E1E000D31FF /* CustomTabBarView.swift in Sources */,
				B07969742C71C3D8006DDB90 /* CustomViewModifier.swift in Sources */,
				B0DA98322C75664B000D31FF /* SettingsView.swift in Sources */,
				B07969782C71C690006DDB90 /* Font+CustomStyles.swift in Sources */,
				B0EBADDB2C7D4A61004F99B7 /* DailyQuotes.swift in Sources */,
				B000683F2C75CE0600BE9445 /* OpenSourceLicensesView.swift in Sources */,
				B06DFB622C6F330400FCC272 /* GoalData.swift in Sources */,
				B0342BCF2C9295DC008973B6 /* RequestNotificationPermission.swift in Sources */,
				B06DFB582C6F2C0900FCC272 /* GoalsView.swift in Sources */,
				B05FB6472C8129D400985075 /* AppDelegate.swift in Sources */,
				B00068412C75CE2E00BE9445 /* SendFeedbackView.swift in Sources */,
				B06DFB5A2C6F2C1F00FCC272 /* PlansView.swift in Sources */,
				B000683D2C75CDE800BE9445 /* TermsOfServiceView.swift in Sources */,
				B06DFB5E2C6F2C4300FCC272 /* BattleHistoryView.swift in Sources */,
				B0EBADD32C7D3342004F99B7 /* CheatDay_Machine Learning.mlmodel in Sources */,
				B067A54F2C697E1D009CE862 /* CheatDayApp.swift in Sources */,
				B000683B2C75CDD400BE9445 /* PrivacyPolicyView.swift in Sources */,
				B00068352C75BAE900BE9445 /* GoalFormView.swift in Sources */,
			);
			runOnlyForDeploymentPostprocessing = 0;
		};
		B067A55A2C697E21009CE862 /* Sources */ = {
			isa = PBXSourcesBuildPhase;
			buildActionMask = 2147483647;
			files = (
				B0EBADDC2C7D4A61004F99B7 /* DailyQuotes.swift in Sources */,
				B0EBADD42C7D3342004F99B7 /* CheatDay_Machine Learning.mlmodel in Sources */,
				B0EBADD82C7D372D004F99B7 /* ModelIntegration.swift in Sources */,
				B07969792C71C690006DDB90 /* Font+CustomStyles.swift in Sources */,
				B07969752C71C3D8006DDB90 /* CustomViewModifier.swift in Sources */,
				B067A5632C697E21009CE862 /* CheatDayTests.swift in Sources */,
			);
			runOnlyForDeploymentPostprocessing = 0;
		};
		B067A5642C697E21009CE862 /* Sources */ = {
			isa = PBXSourcesBuildPhase;
			buildActionMask = 2147483647;
			files = (
				B07969762C71C3D8006DDB90 /* CustomViewModifier.swift in Sources */,
				B0EBADD92C7D372D004F99B7 /* ModelIntegration.swift in Sources */,
				B0EBADD52C7D3342004F99B7 /* CheatDay_Machine Learning.mlmodel in Sources */,
				B067A56F2C697E21009CE862 /* CheatDayUITestsLaunchTests.swift in Sources */,
				B067A56D2C697E21009CE862 /* CheatDayUITests.swift in Sources */,
				B079697A2C71C690006DDB90 /* Font+CustomStyles.swift in Sources */,
				B0EBADDD2C7D4A61004F99B7 /* DailyQuotes.swift in Sources */,
			);
			runOnlyForDeploymentPostprocessing = 0;
		};
/* End PBXSourcesBuildPhase section */

/* Begin PBXTargetDependency section */
		B067A5602C697E21009CE862 /* PBXTargetDependency */ = {
			isa = PBXTargetDependency;
			target = B067A54A2C697E1D009CE862 /* CheatDay */;
			targetProxy = B067A55F2C697E21009CE862 /* PBXContainerItemProxy */;
		};
		B067A56A2C697E21009CE862 /* PBXTargetDependency */ = {
			isa = PBXTargetDependency;
			target = B067A54A2C697E1D009CE862 /* CheatDay */;
			targetProxy = B067A5692C697E21009CE862 /* PBXContainerItemProxy */;
		};
/* End PBXTargetDependency section */

/* Begin XCBuildConfiguration section */
		B067A5702C697E21009CE862 /* Debug */ = {
			isa = XCBuildConfiguration;
			buildSettings = {
				ALWAYS_SEARCH_USER_PATHS = NO;
				ASSETCATALOG_COMPILER_GENERATE_SWIFT_ASSET_SYMBOL_EXTENSIONS = YES;
				CLANG_ANALYZER_NONNULL = YES;
				CLANG_ANALYZER_NUMBER_OBJECT_CONVERSION = YES_AGGRESSIVE;
				CLANG_CXX_LANGUAGE_STANDARD = "gnu++20";
				CLANG_ENABLE_MODULES = YES;
				CLANG_ENABLE_OBJC_ARC = YES;
				CLANG_ENABLE_OBJC_WEAK = YES;
				CLANG_WARN_BLOCK_CAPTURE_AUTORELEASING = YES;
				CLANG_WARN_BOOL_CONVERSION = YES;
				CLANG_WARN_COMMA = YES;
				CLANG_WARN_CONSTANT_CONVERSION = YES;
				CLANG_WARN_DEPRECATED_OBJC_IMPLEMENTATIONS = YES;
				CLANG_WARN_DIRECT_OBJC_ISA_USAGE = YES_ERROR;
				CLANG_WARN_DOCUMENTATION_COMMENTS = YES;
				CLANG_WARN_EMPTY_BODY = YES;
				CLANG_WARN_ENUM_CONVERSION = YES;
				CLANG_WARN_INFINITE_RECURSION = YES;
				CLANG_WARN_INT_CONVERSION = YES;
				CLANG_WARN_NON_LITERAL_NULL_CONVERSION = YES;
				CLANG_WARN_OBJC_IMPLICIT_RETAIN_SELF = YES;
				CLANG_WARN_OBJC_LITERAL_CONVERSION = YES;
				CLANG_WARN_OBJC_ROOT_CLASS = YES_ERROR;
				CLANG_WARN_QUOTED_INCLUDE_IN_FRAMEWORK_HEADER = YES;
				CLANG_WARN_RANGE_LOOP_ANALYSIS = YES;
				CLANG_WARN_STRICT_PROTOTYPES = YES;
				CLANG_WARN_SUSPICIOUS_MOVE = YES;
				CLANG_WARN_UNGUARDED_AVAILABILITY = YES_AGGRESSIVE;
				CLANG_WARN_UNREACHABLE_CODE = YES;
				CLANG_WARN__DUPLICATE_METHOD_MATCH = YES;
				COPY_PHASE_STRIP = NO;
				DEBUG_INFORMATION_FORMAT = dwarf;
				ENABLE_STRICT_OBJC_MSGSEND = YES;
				ENABLE_TESTABILITY = YES;
				ENABLE_USER_SCRIPT_SANDBOXING = NO;
				FRAMEWORK_SEARCH_PATHS = (
					"$(SRCROOT)/Pods/Google-Mobile-Ads-SDK/Frameworks/GoogleMobileAdsFramework/**",
					"$(inherited)/**",
				);
				"FRAMEWORK_SEARCH_PATHS[arch=*]" = "$(inherited)";
				GCC_C_LANGUAGE_STANDARD = gnu17;
				GCC_DYNAMIC_NO_PIC = NO;
				GCC_NO_COMMON_BLOCKS = YES;
				GCC_OPTIMIZATION_LEVEL = 0;
				GCC_PREPROCESSOR_DEFINITIONS = (
					"DEBUG=1",
					"$(inherited)",
				);
				GCC_WARN_64_TO_32_BIT_CONVERSION = YES;
				GCC_WARN_ABOUT_RETURN_TYPE = YES_ERROR;
				GCC_WARN_UNDECLARED_SELECTOR = YES;
				GCC_WARN_UNINITIALIZED_AUTOS = YES_AGGRESSIVE;
				GCC_WARN_UNUSED_FUNCTION = YES;
				GCC_WARN_UNUSED_VARIABLE = YES;
				IPHONEOS_DEPLOYMENT_TARGET = 17.5;
				LD_RUNPATH_SEARCH_PATHS = "$(inherited)";
				LOCALIZATION_PREFERS_STRING_CATALOGS = YES;
				MTL_ENABLE_DEBUG_INFO = INCLUDE_SOURCE;
				MTL_FAST_MATH = YES;
				ONLY_ACTIVE_ARCH = YES;
				OTHER_LDFLAGS = "-ObjC";
				SDKROOT = iphoneos;
				SWIFT_ACTIVE_COMPILATION_CONDITIONS = "DEBUG $(inherited)";
				SWIFT_OPTIMIZATION_LEVEL = "-Onone";
				SYSTEM_FRAMEWORK_SEARCH_PATHS = "$(inherited)";
			};
			name = Debug;
		};
		B067A5712C697E21009CE862 /* Release */ = {
			isa = XCBuildConfiguration;
			buildSettings = {
				ALWAYS_SEARCH_USER_PATHS = NO;
				ASSETCATALOG_COMPILER_GENERATE_SWIFT_ASSET_SYMBOL_EXTENSIONS = YES;
				CLANG_ANALYZER_NONNULL = YES;
				CLANG_ANALYZER_NUMBER_OBJECT_CONVERSION = YES_AGGRESSIVE;
				CLANG_CXX_LANGUAGE_STANDARD = "gnu++20";
				CLANG_ENABLE_MODULES = YES;
				CLANG_ENABLE_OBJC_ARC = YES;
				CLANG_ENABLE_OBJC_WEAK = YES;
				CLANG_WARN_BLOCK_CAPTURE_AUTORELEASING = YES;
				CLANG_WARN_BOOL_CONVERSION = YES;
				CLANG_WARN_COMMA = YES;
				CLANG_WARN_CONSTANT_CONVERSION = YES;
				CLANG_WARN_DEPRECATED_OBJC_IMPLEMENTATIONS = YES;
				CLANG_WARN_DIRECT_OBJC_ISA_USAGE = YES_ERROR;
				CLANG_WARN_DOCUMENTATION_COMMENTS = YES;
				CLANG_WARN_EMPTY_BODY = YES;
				CLANG_WARN_ENUM_CONVERSION = YES;
				CLANG_WARN_INFINITE_RECURSION = YES;
				CLANG_WARN_INT_CONVERSION = YES;
				CLANG_WARN_NON_LITERAL_NULL_CONVERSION = YES;
				CLANG_WARN_OBJC_IMPLICIT_RETAIN_SELF = YES;
				CLANG_WARN_OBJC_LITERAL_CONVERSION = YES;
				CLANG_WARN_OBJC_ROOT_CLASS = YES_ERROR;
				CLANG_WARN_QUOTED_INCLUDE_IN_FRAMEWORK_HEADER = YES;
				CLANG_WARN_RANGE_LOOP_ANALYSIS = YES;
				CLANG_WARN_STRICT_PROTOTYPES = YES;
				CLANG_WARN_SUSPICIOUS_MOVE = YES;
				CLANG_WARN_UNGUARDED_AVAILABILITY = YES_AGGRESSIVE;
				CLANG_WARN_UNREACHABLE_CODE = YES;
				CLANG_WARN__DUPLICATE_METHOD_MATCH = YES;
				COPY_PHASE_STRIP = NO;
				DEBUG_INFORMATION_FORMAT = "dwarf-with-dsym";
				ENABLE_NS_ASSERTIONS = NO;
				ENABLE_STRICT_OBJC_MSGSEND = YES;
				ENABLE_USER_SCRIPT_SANDBOXING = NO;
				FRAMEWORK_SEARCH_PATHS = (
					"$(SRCROOT)/Pods/Google-Mobile-Ads-SDK/Frameworks/GoogleMobileAdsFramework/**",
					"$(inherited)/**",
				);
				"FRAMEWORK_SEARCH_PATHS[arch=*]" = "$(inherited)";
				GCC_C_LANGUAGE_STANDARD = gnu17;
				GCC_NO_COMMON_BLOCKS = YES;
				GCC_WARN_64_TO_32_BIT_CONVERSION = YES;
				GCC_WARN_ABOUT_RETURN_TYPE = YES_ERROR;
				GCC_WARN_UNDECLARED_SELECTOR = YES;
				GCC_WARN_UNINITIALIZED_AUTOS = YES_AGGRESSIVE;
				GCC_WARN_UNUSED_FUNCTION = YES;
				GCC_WARN_UNUSED_VARIABLE = YES;
				IPHONEOS_DEPLOYMENT_TARGET = 17.5;
				LD_RUNPATH_SEARCH_PATHS = "$(inherited)";
				LOCALIZATION_PREFERS_STRING_CATALOGS = YES;
				MTL_ENABLE_DEBUG_INFO = NO;
				MTL_FAST_MATH = YES;
				OTHER_LDFLAGS = "-ObjC";
				SDKROOT = iphoneos;
				SWIFT_COMPILATION_MODE = wholemodule;
				SYSTEM_FRAMEWORK_SEARCH_PATHS = "$(inherited)";
			};
			name = Release;
		};
		B067A5732C697E21009CE862 /* Debug */ = {
			isa = XCBuildConfiguration;
			baseConfigurationReference = C1E49FAA53C865987427EAFE /* Pods-CheatDay.debug.xcconfig */;
			buildSettings = {
				ASSETCATALOG_COMPILER_APPICON_NAME = AppIcon;
				ASSETCATALOG_COMPILER_GLOBAL_ACCENT_COLOR_NAME = AccentColor;
				CODE_SIGN_ENTITLEMENTS = CheatDay/CheatDay.entitlements;
				CODE_SIGN_IDENTITY = "Apple Development";
				CODE_SIGN_STYLE = Automatic;
				CURRENT_PROJECT_VERSION = 1;
				DEVELOPMENT_ASSET_PATHS = "\"CheatDay/Preview Content\"";
				DEVELOPMENT_TEAM = K954L25GWL;
				ENABLE_PREVIEWS = YES;
				FRAMEWORK_SEARCH_PATHS = "$(inherited)";
				GENERATE_INFOPLIST_FILE = YES;
				INFOPLIST_FILE = CheatDay/Info.plist;
				INFOPLIST_KEY_LSApplicationCategoryType = "public.app-category.lifestyle";
				INFOPLIST_KEY_UIApplicationSceneManifest_Generation = YES;
				"INFOPLIST_KEY_UIApplicationSceneManifest_Generation[sdk=iphoneos*]" = YES;
				"INFOPLIST_KEY_UIApplicationSceneManifest_Generation[sdk=iphonesimulator*]" = YES;
				INFOPLIST_KEY_UIApplicationSupportsIndirectInputEvents = YES;
				"INFOPLIST_KEY_UIApplicationSupportsIndirectInputEvents[sdk=iphoneos*]" = YES;
				"INFOPLIST_KEY_UIApplicationSupportsIndirectInputEvents[sdk=iphonesimulator*]" = YES;
				INFOPLIST_KEY_UILaunchScreen_Generation = YES;
				"INFOPLIST_KEY_UILaunchScreen_Generation[sdk=iphoneos*]" = YES;
				"INFOPLIST_KEY_UILaunchScreen_Generation[sdk=iphonesimulator*]" = YES;
				INFOPLIST_KEY_UIStatusBarStyle = UIStatusBarStyleDefault;
				"INFOPLIST_KEY_UIStatusBarStyle[sdk=iphoneos*]" = UIStatusBarStyleDefault;
				"INFOPLIST_KEY_UIStatusBarStyle[sdk=iphonesimulator*]" = UIStatusBarStyleDefault;
				INFOPLIST_KEY_UISupportedInterfaceOrientations_iPad = "UIInterfaceOrientationPortrait UIInterfaceOrientationPortraitUpsideDown UIInterfaceOrientationLandscapeLeft UIInterfaceOrientationLandscapeRight";
				INFOPLIST_KEY_UISupportedInterfaceOrientations_iPhone = "UIInterfaceOrientationPortrait UIInterfaceOrientationLandscapeLeft UIInterfaceOrientationLandscapeRight";
				IPHONEOS_DEPLOYMENT_TARGET = 17.5;
				LD_RUNPATH_SEARCH_PATHS = "@executable_path/Frameworks";
				"LD_RUNPATH_SEARCH_PATHS[sdk=macosx*]" = "@executable_path/../Frameworks";
				MACOSX_DEPLOYMENT_TARGET = "$(RECOMMENDED_MACOSX_DEPLOYMENT_TARGET)";
				MARKETING_VERSION = 1.1;
				PRODUCT_BUNDLE_IDENTIFIER = com.hirokisaito.CheatDay;
				PRODUCT_NAME = "$(TARGET_NAME)";
				PROVISIONING_PROFILE_SPECIFIER = "";
				SDKROOT = iphoneos;
				SUPPORTED_PLATFORMS = "iphonesimulator iphoneos";
				SUPPORTS_MACCATALYST = NO;
				SUPPORTS_MAC_DESIGNED_FOR_IPHONE_IPAD = NO;
				SWIFT_EMIT_LOC_STRINGS = YES;
				SWIFT_VERSION = 5.0;
				TARGETED_DEVICE_FAMILY = "1,2";
			};
			name = Debug;
		};
		B067A5742C697E21009CE862 /* Release */ = {
			isa = XCBuildConfiguration;
			baseConfigurationReference = 9A8F31D1CAE7490452FA5D02 /* Pods-CheatDay.release.xcconfig */;
			buildSettings = {
				ASSETCATALOG_COMPILER_APPICON_NAME = AppIcon;
				ASSETCATALOG_COMPILER_GLOBAL_ACCENT_COLOR_NAME = AccentColor;
				CODE_SIGN_ENTITLEMENTS = CheatDay/CheatDay.entitlements;
				CODE_SIGN_IDENTITY = "Apple Development";
				CODE_SIGN_STYLE = Automatic;
				CURRENT_PROJECT_VERSION = 1;
				DEVELOPMENT_ASSET_PATHS = "\"CheatDay/Preview Content\"";
				DEVELOPMENT_TEAM = K954L25GWL;
				ENABLE_PREVIEWS = YES;
				FRAMEWORK_SEARCH_PATHS = "$(inherited)";
				GENERATE_INFOPLIST_FILE = YES;
				INFOPLIST_FILE = CheatDay/Info.plist;
				INFOPLIST_KEY_LSApplicationCategoryType = "public.app-category.lifestyle";
				INFOPLIST_KEY_UIApplicationSceneManifest_Generation = YES;
				"INFOPLIST_KEY_UIApplicationSceneManifest_Generation[sdk=iphoneos*]" = YES;
				"INFOPLIST_KEY_UIApplicationSceneManifest_Generation[sdk=iphonesimulator*]" = YES;
				INFOPLIST_KEY_UIApplicationSupportsIndirectInputEvents = YES;
				"INFOPLIST_KEY_UIApplicationSupportsIndirectInputEvents[sdk=iphoneos*]" = YES;
				"INFOPLIST_KEY_UIApplicationSupportsIndirectInputEvents[sdk=iphonesimulator*]" = YES;
				INFOPLIST_KEY_UILaunchScreen_Generation = YES;
				"INFOPLIST_KEY_UILaunchScreen_Generation[sdk=iphoneos*]" = YES;
				"INFOPLIST_KEY_UILaunchScreen_Generation[sdk=iphonesimulator*]" = YES;
				INFOPLIST_KEY_UIStatusBarStyle = UIStatusBarStyleDefault;
				"INFOPLIST_KEY_UIStatusBarStyle[sdk=iphoneos*]" = UIStatusBarStyleDefault;
				"INFOPLIST_KEY_UIStatusBarStyle[sdk=iphonesimulator*]" = UIStatusBarStyleDefault;
				INFOPLIST_KEY_UISupportedInterfaceOrientations_iPad = "UIInterfaceOrientationPortrait UIInterfaceOrientationPortraitUpsideDown UIInterfaceOrientationLandscapeLeft UIInterfaceOrientationLandscapeRight";
				INFOPLIST_KEY_UISupportedInterfaceOrientations_iPhone = "UIInterfaceOrientationPortrait UIInterfaceOrientationLandscapeLeft UIInterfaceOrientationLandscapeRight";
				IPHONEOS_DEPLOYMENT_TARGET = 17.5;
				LD_RUNPATH_SEARCH_PATHS = "@executable_path/Frameworks";
				"LD_RUNPATH_SEARCH_PATHS[sdk=macosx*]" = "@executable_path/../Frameworks";
				MACOSX_DEPLOYMENT_TARGET = "$(RECOMMENDED_MACOSX_DEPLOYMENT_TARGET)";
				MARKETING_VERSION = 1.1;
				PRODUCT_BUNDLE_IDENTIFIER = com.hirokisaito.CheatDay;
				PRODUCT_NAME = "$(TARGET_NAME)";
				PROVISIONING_PROFILE_SPECIFIER = "";
				SDKROOT = iphoneos;
				SUPPORTED_PLATFORMS = "iphonesimulator iphoneos";
				SUPPORTS_MACCATALYST = NO;
				SUPPORTS_MAC_DESIGNED_FOR_IPHONE_IPAD = NO;
				SWIFT_EMIT_LOC_STRINGS = YES;
				SWIFT_VERSION = 5.0;
				TARGETED_DEVICE_FAMILY = "1,2";
			};
			name = Release;
		};
		B067A5762C697E21009CE862 /* Debug */ = {
			isa = XCBuildConfiguration;
			baseConfigurationReference = F2244424D471C9C68EDED11B /* Pods-CheatDayTests.debug.xcconfig */;
			buildSettings = {
				ALWAYS_EMBED_SWIFT_STANDARD_LIBRARIES = YES;
				BUNDLE_LOADER = "$(TEST_HOST)";
				CODE_SIGN_STYLE = Automatic;
				CURRENT_PROJECT_VERSION = 1;
				DEVELOPMENT_TEAM = K954L25GWL;
				GENERATE_INFOPLIST_FILE = YES;
				IPHONEOS_DEPLOYMENT_TARGET = 17.5;
				MACOSX_DEPLOYMENT_TARGET = "$(RECOMMENDED_MACOSX_DEPLOYMENT_TARGET)";
				MARKETING_VERSION = 1.0;
				PRODUCT_BUNDLE_IDENTIFIER = a.CheatDayTests;
				PRODUCT_NAME = "$(TARGET_NAME)";
				SDKROOT = iphoneos;
				SUPPORTED_PLATFORMS = "iphonesimulator iphoneos";
				SWIFT_EMIT_LOC_STRINGS = NO;
				SWIFT_VERSION = 5.0;
				TARGETED_DEVICE_FAMILY = "1,2";
				TEST_HOST = "$(BUILT_PRODUCTS_DIR)/CheatDay.app/$(BUNDLE_EXECUTABLE_FOLDER_PATH)/CheatDay";
			};
			name = Debug;
		};
		B067A5772C697E21009CE862 /* Release */ = {
			isa = XCBuildConfiguration;
			baseConfigurationReference = E371BFE0F390DC9D42953D5C /* Pods-CheatDayTests.release.xcconfig */;
			buildSettings = {
				ALWAYS_EMBED_SWIFT_STANDARD_LIBRARIES = YES;
				BUNDLE_LOADER = "$(TEST_HOST)";
				CODE_SIGN_STYLE = Automatic;
				CURRENT_PROJECT_VERSION = 1;
				DEVELOPMENT_TEAM = K954L25GWL;
				GENERATE_INFOPLIST_FILE = YES;
				IPHONEOS_DEPLOYMENT_TARGET = 17.5;
				MACOSX_DEPLOYMENT_TARGET = "$(RECOMMENDED_MACOSX_DEPLOYMENT_TARGET)";
				MARKETING_VERSION = 1.0;
				PRODUCT_BUNDLE_IDENTIFIER = a.CheatDayTests;
				PRODUCT_NAME = "$(TARGET_NAME)";
				SDKROOT = iphoneos;
				SUPPORTED_PLATFORMS = "iphonesimulator iphoneos";
				SWIFT_EMIT_LOC_STRINGS = NO;
				SWIFT_VERSION = 5.0;
				TARGETED_DEVICE_FAMILY = "1,2";
				TEST_HOST = "$(BUILT_PRODUCTS_DIR)/CheatDay.app/$(BUNDLE_EXECUTABLE_FOLDER_PATH)/CheatDay";
			};
			name = Release;
		};
		B067A5792C697E21009CE862 /* Debug */ = {
			isa = XCBuildConfiguration;
			baseConfigurationReference = 24D92104BC98B9067443755C /* Pods-CheatDayUITests.debug.xcconfig */;
			buildSettings = {
				ALWAYS_EMBED_SWIFT_STANDARD_LIBRARIES = YES;
				CODE_SIGN_STYLE = Automatic;
				CURRENT_PROJECT_VERSION = 1;
				DEVELOPMENT_TEAM = K954L25GWL;
				GENERATE_INFOPLIST_FILE = YES;
				IPHONEOS_DEPLOYMENT_TARGET = 17.5;
				MACOSX_DEPLOYMENT_TARGET = "$(RECOMMENDED_MACOSX_DEPLOYMENT_TARGET)";
				MARKETING_VERSION = 1.0;
				PRODUCT_BUNDLE_IDENTIFIER = a.CheatDayUITests;
				PRODUCT_NAME = "$(TARGET_NAME)";
				SDKROOT = iphoneos;
				SUPPORTED_PLATFORMS = "iphonesimulator iphoneos";
				SWIFT_EMIT_LOC_STRINGS = NO;
				SWIFT_VERSION = 5.0;
				TARGETED_DEVICE_FAMILY = "1,2";
				TEST_TARGET_NAME = CheatDay;
			};
			name = Debug;
		};
		B067A57A2C697E21009CE862 /* Release */ = {
			isa = XCBuildConfiguration;
			baseConfigurationReference = 13BBF1252441A387DE021A88 /* Pods-CheatDayUITests.release.xcconfig */;
			buildSettings = {
				ALWAYS_EMBED_SWIFT_STANDARD_LIBRARIES = YES;
				CODE_SIGN_STYLE = Automatic;
				CURRENT_PROJECT_VERSION = 1;
				DEVELOPMENT_TEAM = K954L25GWL;
				GENERATE_INFOPLIST_FILE = YES;
				IPHONEOS_DEPLOYMENT_TARGET = 17.5;
				MACOSX_DEPLOYMENT_TARGET = "$(RECOMMENDED_MACOSX_DEPLOYMENT_TARGET)";
				MARKETING_VERSION = 1.0;
				PRODUCT_BUNDLE_IDENTIFIER = a.CheatDayUITests;
				PRODUCT_NAME = "$(TARGET_NAME)";
				SDKROOT = iphoneos;
				SUPPORTED_PLATFORMS = "iphonesimulator iphoneos";
				SWIFT_EMIT_LOC_STRINGS = NO;
				SWIFT_VERSION = 5.0;
				TARGETED_DEVICE_FAMILY = "1,2";
				TEST_TARGET_NAME = CheatDay;
			};
			name = Release;
		};
/* End XCBuildConfiguration section */

/* Begin XCConfigurationList section */
		B067A5462C697E1D009CE862 /* Build configuration list for PBXProject "CheatDay" */ = {
			isa = XCConfigurationList;
			buildConfigurations = (
				B067A5702C697E21009CE862 /* Debug */,
				B067A5712C697E21009CE862 /* Release */,
			);
			defaultConfigurationIsVisible = 0;
			defaultConfigurationName = Release;
		};
		B067A5722C697E21009CE862 /* Build configuration list for PBXNativeTarget "CheatDay" */ = {
			isa = XCConfigurationList;
			buildConfigurations = (
				B067A5732C697E21009CE862 /* Debug */,
				B067A5742C697E21009CE862 /* Release */,
			);
			defaultConfigurationIsVisible = 0;
			defaultConfigurationName = Release;
		};
		B067A5752C697E21009CE862 /* Build configuration list for PBXNativeTarget "CheatDayTests" */ = {
			isa = XCConfigurationList;
			buildConfigurations = (
				B067A5762C697E21009CE862 /* Debug */,
				B067A5772C697E21009CE862 /* Release */,
			);
			defaultConfigurationIsVisible = 0;
			defaultConfigurationName = Release;
		};
		B067A5782C697E21009CE862 /* Build configuration list for PBXNativeTarget "CheatDayUITests" */ = {
			isa = XCConfigurationList;
			buildConfigurations = (
				B067A5792C697E21009CE862 /* Debug */,
				B067A57A2C697E21009CE862 /* Release */,
			);
			defaultConfigurationIsVisible = 0;
			defaultConfigurationName = Release;
		};
/* End XCConfigurationList section */
	};
	rootObject = B067A5432C697E1D009CE862 /* Project object */;
}
